// !$*UTF8*$!
{
	archiveVersion = 1;
	classes = {
	};
	objectVersion = 48;
	objects = {

/* Begin PBXBuildFile section */
		FB5873C11FB3CDDB004B15BA /* AppDelegate.swift in Sources */ = {isa = PBXBuildFile; fileRef = FB5873C01FB3CDDB004B15BA /* AppDelegate.swift */; };
		FB5873C31FB3CDDB004B15BA /* ViewController.swift in Sources */ = {isa = PBXBuildFile; fileRef = FB5873C21FB3CDDB004B15BA /* ViewController.swift */; };
		FB5873C61FB3CDDB004B15BA /* Main.storyboard in Resources */ = {isa = PBXBuildFile; fileRef = FB5873C41FB3CDDB004B15BA /* Main.storyboard */; };
		FB5873C81FB3CDDB004B15BA /* Assets.xcassets in Resources */ = {isa = PBXBuildFile; fileRef = FB5873C71FB3CDDB004B15BA /* Assets.xcassets */; };
		FB5873CB1FB3CDDB004B15BA /* LaunchScreen.storyboard in Resources */ = {isa = PBXBuildFile; fileRef = FB5873C91FB3CDDB004B15BA /* LaunchScreen.storyboard */; };
/* End PBXBuildFile section */

/* Begin PBXFileReference section */
		FB5873BD1FB3CDDB004B15BA /* myImageImporter.app */ = {isa = PBXFileReference; explicitFileType = wrapper.application; includeInIndex = 0; path = myImageImporter.app; sourceTree = BUILT_PRODUCTS_DIR; };
		FB5873C01FB3CDDB004B15BA /* AppDelegate.swift */ = {isa = PBXFileReference; lastKnownFileType = sourcecode.swift; path = AppDelegate.swift; sourceTree = "<group>"; };
		FB5873C21FB3CDDB004B15BA /* ViewController.swift */ = {isa = PBXFileReference; lastKnownFileType = sourcecode.swift; path = ViewController.swift; sourceTree = "<group>"; };
		FB5873C51FB3CDDB004B15BA /* Base */ = {isa = PBXFileReference; lastKnownFileType = file.storyboard; name = Base; path = Base.lproj/Main.storyboard; sourceTree = "<group>"; };
		FB5873C71FB3CDDB004B15BA /* Assets.xcassets */ = {isa = PBXFileReference; lastKnownFileType = folder.assetcatalog; path = Assets.xcassets; sourceTree = "<group>"; };
		FB5873CA1FB3CDDB004B15BA /* Base */ = {isa = PBXFileReference; lastKnownFileType = file.storyboard; name = Base; path = Base.lproj/LaunchScreen.storyboard; sourceTree = "<group>"; };
		FB5873CC1FB3CDDB004B15BA /* Info.plist */ = {isa = PBXFileReference; lastKnownFileType = text.plist.xml; path = Info.plist; sourceTree = "<group>"; };
/* End PBXFileReference section */

/* Begin PBXFrameworksBuildPhase section */
		FB5873BA1FB3CDDB004B15BA /* Frameworks */ = {
			isa = PBXFrameworksBuildPhase;
			buildActionMask = 2147483647;
			files = (
			);
			runOnlyForDeploymentPostprocessing = 0;
		};
/* End PBXFrameworksBuildPhase section */

/* Begin PBXGroup section */
		FB5873B41FB3CDDB004B15BA = {
			isa = PBXGroup;
			children = (
				FB5873BF1FB3CDDB004B15BA /* myImageImporter */,
				FB5873BE1FB3CDDB004B15BA /* Products */,
			);
			sourceTree = "<group>";
		};
		FB5873BE1FB3CDDB004B15BA /* Products */ = {
			isa = PBXGroup;
			children = (
				FB5873BD1FB3CDDB004B15BA /* myImageImporter.app */,
			);
			name = Products;
			sourceTree = "<group>";
		};
		FB5873BF1FB3CDDB004B15BA /* myImageImporter */ = {
			isa = PBXGroup;
			children = (
				FB5873C01FB3CDDB004B15BA /* AppDelegate.swift */,
				FB5873C21FB3CDDB004B15BA /* ViewController.swift */,
				FB5873C41FB3CDDB004B15BA /* Main.storyboard */,
				FB5873C71FB3CDDB004B15BA /* Assets.xcassets */,
				FB5873C91FB3CDDB004B15BA /* LaunchScreen.storyboard */,
				FB5873CC1FB3CDDB004B15BA /* Info.plist */,
			);
			path = myImageImporter;
			sourceTree = "<group>";
		};
/* End PBXGroup section */

/* Begin PBXNativeTarget section */
		FB5873BC1FB3CDDB004B15BA /* myImageImporter */ = {
			isa = PBXNativeTarget;
			buildConfigurationList = FB5873CF1FB3CDDB004B15BA /* Build configuration list for PBXNativeTarget "myImageImporter" */;
			buildPhases = (
				FB5873B91FB3CDDB004B15BA /* Sources */,
				FB5873BA1FB3CDDB004B15BA /* Frameworks */,
				FB5873BB1FB3CDDB004B15BA /* Resources */,
			);
			buildRules = (
			);
			dependencies = (
			);
			name = myImageImporter;
			productName = myImageImporter;
			productReference = FB5873BD1FB3CDDB004B15BA /* myImageImporter.app */;
			productType = "com.apple.product-type.application";
		};
/* End PBXNativeTarget section */

/* Begin PBXProject section */
		FB5873B51FB3CDDB004B15BA /* Project object */ = {
			isa = PBXProject;
			attributes = {
				LastSwiftUpdateCheck = 0900;
				LastUpgradeCheck = 0900;
				ORGANIZATIONNAME = Timothy;
				TargetAttributes = {
					FB5873BC1FB3CDDB004B15BA = {
						CreatedOnToolsVersion = 9.0.1;
						ProvisioningStyle = Automatic;
					};
				};
			};
			buildConfigurationList = FB5873B81FB3CDDB004B15BA /* Build configuration list for PBXProject "myImageImporter" */;
			compatibilityVersion = "Xcode 8.0";
			developmentRegion = en;
			hasScannedForEncodings = 0;
			knownRegions = (
				en,
				Base,
			);
			mainGroup = FB5873B41FB3CDDB004B15BA;
			productRefGroup = FB5873BE1FB3CDDB004B15BA /* Products */;
			projectDirPath = "";
			projectRoot = "";
			targets = (
				FB5873BC1FB3CDDB004B15BA /* myImageImporter */,
			);
		};
/* End PBXProject section */

/* Begin PBXResourcesBuildPhase section */
		FB5873BB1FB3CDDB004B15BA /* Resources */ = {
			isa = PBXResourcesBuildPhase;
			buildActionMask = 2147483647;
			files = (
				FB5873CB1FB3CDDB004B15BA /* LaunchScreen.storyboard in Resources */,
				FB5873C81FB3CDDB004B15BA /* Assets.xcassets in Resources */,
				FB5873C61FB3CDDB004B15BA /* Main.storyboard in Resources */,
			);
			runOnlyForDeploymentPostprocessing = 0;
		};
/* End PBXResourcesBuildPhase section */

/* Begin PBXSourcesBuildPhase section */
		FB5873B91FB3CDDB004B15BA /* Sources */ = {
			isa = PBXSourcesBuildPhase;
			buildActionMask = 2147483647;
			files = (
				FB5873C31FB3CDDB004B15BA /* ViewController.swift in Sources */,
				FB5873C11FB3CDDB004B15BA /* AppDelegate.swift in Sources */,
			);
			runOnlyForDeploymentPostprocessing = 0;
		};
/* End PBXSourcesBuildPhase section */

/* Begin PBXVariantGroup section */
		FB5873C41FB3CDDB004B15BA /* Main.storyboard */ = {
			isa = PBXVariantGroup;
			children = (
				FB5873C51FB3CDDB004B15BA /* Base */,
			);
			name = Main.storyboard;
			sourceTree = "<group>";
		};
		FB5873C91FB3CDDB004B15BA /* LaunchScreen.storyboard */ = {
			isa = PBXVariantGroup;
			children = (
				FB5873CA1FB3CDDB004B15BA /* Base */,
			);
			name = LaunchScreen.storyboard;
			sourceTree = "<group>";
		};
/* End PBXVariantGroup section */

/* Begin XCBuildConfiguration section */
		FB5873CD1FB3CDDB004B15BA /* Debug */ = {
			isa = XCBuildConfiguration;
			buildSettings = {
				ALWAYS_SEARCH_USER_PATHS = NO;
				CLANG_ANALYZER_NONNULL = YES;
				CLANG_ANALYZER_NUMBER_OBJECT_CONVERSION = YES_AGGRESSIVE;
				CLANG_CXX_LANGUAGE_STANDARD = "gnu++14";
				CLANG_CXX_LIBRARY = "libc++";
				CLANG_ENABLE_MODULES = YES;
				CLANG_ENABLE_OBJC_ARC = YES;
				CLANG_WARN_BLOCK_CAPTURE_AUTORELEASING = YES;
				CLANG_WARN_BOOL_CONVERSION = YES;
				CLANG_WARN_COMMA = YES;
				CLANG_WARN_CONSTANT_CONVERSION = YES;
				CLANG_WARN_DIRECT_OBJC_ISA_USAGE = YES_ERROR;
				CLANG_WARN_DOCUMENTATION_COMMENTS = YES;
				CLANG_WARN_EMPTY_BODY = YES;
				CLANG_WARN_ENUM_CONVERSION = YES;
				CLANG_WARN_INFINITE_RECURSION = YES;
				CLANG_WARN_INT_CONVERSION = YES;
				CLANG_WARN_NON_LITERAL_NULL_CONVERSION = YES;
				CLANG_WARN_OBJC_LITERAL_CONVERSION = YES;
				CLANG_WARN_OBJC_ROOT_CLASS = YES_ERROR;
				CLANG_WARN_RANGE_LOOP_ANALYSIS = YES;
				CLANG_WARN_STRICT_PROTOTYPES = YES;
				CLANG_WARN_SUSPICIOUS_MOVE = YES;
				CLANG_WARN_UNGUARDED_AVAILABILITY = YES_AGGRESSIVE;
				CLANG_WARN_UNREACHABLE_CODE = YES;
				CLANG_WARN__DUPLICATE_METHOD_MATCH = YES;
				CODE_SIGN_IDENTITY = "iPhone Developer";
				COPY_PHASE_STRIP = NO;
				DEBUG_INFORMATION_FORMAT = dwarf;
				ENABLE_STRICT_OBJC_MSGSEND = YES;
				ENABLE_TESTABILITY = YES;
				GCC_C_LANGUAGE_STANDARD = gnu11;
				GCC_DYNAMIC_NO_PIC = NO;
				GCC_NO_COMMON_BLOCKS = YES;
				GCC_OPTIMIZATION_LEVEL = 0;
				GCC_PREPROCESSOR_DEFINITIONS = (
					"DEBUG=1",
					"$(inherited)",
				);
				GCC_WARN_64_TO_32_BIT_CONVERSION = YES;
				GCC_WARN_ABOUT_RETURN_TYPE = YES_ERROR;
				GCC_WARN_UNDECLARED_SELECTOR = YES;
				GCC_WARN_UNINITIALIZED_AUTOS = YES_AGGRESSIVE;
				GCC_WARN_UNUSED_FUNCTION = YES;
				GCC_WARN_UNUSED_VARIABLE = YES;
				IPHONEOS_DEPLOYMENT_TARGET = 11.0;
				MTL_ENABLE_DEBUG_INFO = YES;
				ONLY_ACTIVE_ARCH = YES;
				SDKROOT = iphoneos;
				SWIFT_ACTIVE_COMPILATION_CONDITIONS = DEBUG;
				SWIFT_OPTIMIZATION_LEVEL = "-Onone";
			};
			name = Debug;
		};
		FB5873CE1FB3CDDB004B15BA /* Release */ = {
			isa = XCBuildConfiguration;
			buildSettings = {
				ALWAYS_SEARCH_USER_PATHS = NO;
				CLANG_ANALYZER_NONNULL = YES;
				CLANG_ANALYZER_NUMBER_OBJECT_CONVERSION = YES_AGGRESSIVE;
				CLANG_CXX_LANGUAGE_STANDARD = "gnu++14";
				CLANG_CXX_LIBRARY = "libc++";
				CLANG_ENABLE_MODULES = YES;
				CLANG_ENABLE_OBJC_ARC = YES;
				CLANG_WARN_BLOCK_CAPTURE_AUTORELEASING = YES;
				CLANG_WARN_BOOL_CONVERSION = YES;
				CLANG_WARN_COMMA = YES;
				CLANG_WARN_CONSTANT_CONVERSION = YES;
				CLANG_WARN_DIRECT_OBJC_ISA_USAGE = YES_ERROR;
				CLANG_WARN_DOCUMENTATION_COMMENTS = YES;
				CLANG_WARN_EMPTY_BODY = YES;
				CLANG_WARN_ENUM_CONVERSION = YES;
				CLANG_WARN_INFINITE_RECURSION = YES;
				CLANG_WARN_INT_CONVERSION = YES;
				CLANG_WARN_NON_LITERAL_NULL_CONVERSION = YES;
				CLANG_WARN_OBJC_LITERAL_CONVERSION = YES;
				CLANG_WARN_OBJC_ROOT_CLASS = YES_ERROR;
				CLANG_WARN_RANGE_LOOP_ANALYSIS = YES;
				CLANG_WARN_STRICT_PROTOTYPES = YES;
				CLANG_WARN_SUSPICIOUS_MOVE = YES;
				CLANG_WARN_UNGUARDED_AVAILABILITY = YES_AGGRESSIVE;
				CLANG_WARN_UNREACHABLE_CODE = YES;
				CLANG_WARN__DUPLICATE_METHOD_MATCH = YES;
				CODE_SIGN_IDENTITY = "iPhone Developer";
				COPY_PHASE_STRIP = NO;
				DEBUG_INFORMATION_FORMAT = "dwarf-with-dsym";
				ENABLE_NS_ASSERTIONS = NO;
				ENABLE_STRICT_OBJC_MSGSEND = YES;
				GCC_C_LANGUAGE_STANDARD = gnu11;
				GCC_NO_COMMON_BLOCKS = YES;
				GCC_WARN_64_TO_32_BIT_CONVERSION = YES;
				GCC_WARN_ABOUT_RETURN_TYPE = YES_ERROR;
				GCC_WARN_UNDECLARED_SELECTOR = YES;
				GCC_WARN_UNINITIALIZED_AUTOS = YES_AGGRESSIVE;
				GCC_WARN_UNUSED_FUNCTION = YES;
				GCC_WARN_UNUSED_VARIABLE = YES;
				IPHONEOS_DEPLOYMENT_TARGET = 11.0;
				MTL_ENABLE_DEBUG_INFO = NO;
				SDKROOT = iphoneos;
				SWIFT_OPTIMIZATION_LEVEL = "-Owholemodule";
				VALIDATE_PRODUCT = YES;
			};
			name = Release;
		};
		FB5873D01FB3CDDB004B15BA /* Debug */ = {
			isa = XCBuildConfiguration;
			buildSettings = {
				ASSETCATALOG_COMPILER_APPICON_NAME = AppIcon;
				CODE_SIGN_STYLE = Automatic;
				INFOPLIST_FILE = myImageImporter/Info.plist;
				LD_RUNPATH_SEARCH_PATHS = "$(inherited) @executable_path/Frameworks";
				PRODUCT_BUNDLE_IDENTIFIER = com.Timothy.myImageImporter;
				PRODUCT_NAME = "$(TARGET_NAME)";
				SWIFT_VERSION = 4.0;
				TARGETED_DEVICE_FAMILY = "1,2";
			};
			name = Debug;
		};
		FB5873D11FB3CDDB004B15BA /* Release */ = {
			isa = XCBuildConfiguration;
			buildSettings = {
				ASSETCATALOG_COMPILER_APPICON_NAME = AppIcon;
				CODE_SIGN_STYLE = Automatic;
				INFOPLIST_FILE = myImageImporter/Info.plist;
				LD_RUNPATH_SEARCH_PATHS = "$(inherited) @executable_path/Frameworks";
				PRODUCT_BUNDLE_IDENTIFIER = com.Timothy.myImageImporter;
				PRODUCT_NAME = "$(TARGET_NAME)";
				SWIFT_VERSION = 4.0;
				TARGETED_DEVICE_FAMILY = "1,2";
			};
			name = Release;
		};
/* End XCBuildConfiguration section */

/* Begin XCConfigurationList section */
		FB5873B81FB3CDDB004B15BA /* Build configuration list for PBXProject "myImageImporter" */ = {
			isa = XCConfigurationList;
			buildConfigurations = (
				FB5873CD1FB3CDDB004B15BA /* Debug */,
				FB5873CE1FB3CDDB004B15BA /* Release */,
			);
			defaultConfigurationIsVisible = 0;
			defaultConfigurationName = Release;
		};
		FB5873CF1FB3CDDB004B15BA /* Build configuration list for PBXNativeTarget "myImageImporter" */ = {
			isa = XCConfigurationList;
			buildConfigurations = (
				FB5873D01FB3CDDB004B15BA /* Debug */,
				FB5873D11FB3CDDB004B15BA /* Release */,
			);
			defaultConfigurationIsVisible = 0;
			defaultConfigurationName = Release;
		};
/* End XCConfigurationList section */
	};
	rootObject = FB5873B51FB3CDDB004B15BA /* Project object */;
}
